
Microsoft Visual Studio Solution File, Format Version 12.00
# Visual Studio 14
VisualStudioVersion = 14.0.23107.0
MinimumVisualStudioVersion = 10.0.40219.1
Project("{FAE04EC0-301F-11D3-BF4B-00C04F79EFBC}") = "AsyncAwait", "AsyncAwait.csproj", "{03B2544E-125B-47F2-BA8C-5CE967FFADA2}"
EndProject
Global
	GlobalSection(SolutionConfigurationPlatforms) = preSolution
		Debug|Any CPU = Debug|Any CPU
		Release|Any CPU = Release|Any CPU
	EndGlobalSection
	GlobalSection(ProjectConfigurationPlatforms) = postSolution
		{03B2544E-125B-47F2-BA8C-5CE967FFADA2}.Debug|Any CPU.ActiveCfg = Debug|Any CPU
		{03B2544E-125B-47F2-BA8C-5CE967FFADA2}.Debug|Any CPU.Build.0 = Debug|Any CPU
		{03B2544E-125B-47F2-BA8C-5CE967FFADA2}.Release|Any CPU.ActiveCfg = Release|Any CPU
		{03B2544E-125B-47F2-BA8C-5CE967FFADA2}.Release|Any CPU.Build.0 = Release|Any CPU
	EndGlobalSection
	GlobalSection(SolutionProperties) = preSolution
		HideSolutionNode = FALSE
	EndGlobalSection
EndGlobal
